
Microsoft Visual Studio Solution File, Format Version 12.00
# Visual Studio Version 17
VisualStudioVersion = 17.4.33110.190
MinimumVisualStudioVersion = 10.0.40219.1
Project("{9A19103F-16F7-4668-BE54-9A1E7A4F7556}") = "IDA to vTable", "IDA to vTable\IDA to vTable.csproj", "{1C1539A4-5A8E-470F-B18B-2FAFDB054DC3}"
EndProject
Global
	GlobalSection(SolutionConfigurationPlatforms) = preSolution
		Debug|Any CPU = Debug|Any CPU
		Release|Any CPU = Release|Any CPU
	EndGlobalSection
	GlobalSection(ProjectConfigurationPlatforms) = postSolution
		{1C1539A4-5A8E-470F-B18B-2FAFDB054DC3}.Debug|Any CPU.ActiveCfg = Debug|Any CPU
		{1C1539A4-5A8E-470F-B18B-2FAFDB054DC3}.Debug|Any CPU.Build.0 = Debug|Any CPU
		{1C1539A4-5A8E-470F-B18B-2FAFDB054DC3}.Release|Any CPU.ActiveCfg = Release|Any CPU
		{1C1539A4-5A8E-470F-B18B-2FAFDB054DC3}.Release|Any CPU.Build.0 = Release|Any CPU
	EndGlobalSection
	GlobalSection(SolutionProperties) = preSolution
		HideSolutionNode = FALSE
	EndGlobalSection
	GlobalSection(ExtensibilityGlobals) = postSolution
		SolutionGuid = {2C6E0DC2-41FB-4E2C-9F23-3156948F0876}
	EndGlobalSection
EndGlobal
